
Microsoft Visual Studio Solution File, Format Version 12.00
# Visual Studio Version 17
VisualStudioVersion = 17.6.33829.357
MinimumVisualStudioVersion = 10.0.40219.1
Project("{2150E333-8FDC-42A3-9474-1A3956D46DE8}") = "Domain Layer", "Domain Layer", "{F9713805-191E-4978-9DBD-7209646EF0D9}"
EndProject
Project("{2150E333-8FDC-42A3-9474-1A3956D46DE8}") = "Infrastructure Layer", "Infrastructure Layer", "{0DA08119-2157-4A7A-AD72-DCBC0B8F255A}"
EndProject
Project("{2150E333-8FDC-42A3-9474-1A3956D46DE8}") = "UI layer", "UI layer", "{A5CE93CC-C901-49F7-B41F-F82E778198AE}"
EndProject
Project("{9A19103F-16F7-4668-BE54-9A1E7A4F7556}") = "Domain", "Domain\Domain.csproj", "{4AC3C8D7-7A53-4340-94E0-28814F2D77B1}"
EndProject
Project("{9A19103F-16F7-4668-BE54-9A1E7A4F7556}") = "Repository", "Repository\Repository.csproj", "{B97571D8-F4DE-4BBC-8E59-3C4AE3A6C0C5}"
EndProject
Project("{9A19103F-16F7-4668-BE54-9A1E7A4F7556}") = "Web API", "Web API\Web API.csproj", "{335DBFF4-F347-47EE-9A45-709323B71BF9}"
EndProject
Project("{2150E333-8FDC-42A3-9474-1A3956D46DE8}") = "Solution Items", "Solution Items", "{C670006F-F7A3-449C-8380-E7F4666FE459}"
	ProjectSection(SolutionItems) = preProject
		.editorconfig = .editorconfig
	EndProjectSection
EndProject
Global
	GlobalSection(SolutionConfigurationPlatforms) = preSolution
		Debug|Any CPU = Debug|Any CPU
		Release|Any CPU = Release|Any CPU
	EndGlobalSection
	GlobalSection(ProjectConfigurationPlatforms) = postSolution
		{4AC3C8D7-7A53-4340-94E0-28814F2D77B1}.Debug|Any CPU.ActiveCfg = Debug|Any CPU
		{4AC3C8D7-7A53-4340-94E0-28814F2D77B1}.Debug|Any CPU.Build.0 = Debug|Any CPU
		{4AC3C8D7-7A53-4340-94E0-28814F2D77B1}.Release|Any CPU.ActiveCfg = Release|Any CPU
		{4AC3C8D7-7A53-4340-94E0-28814F2D77B1}.Release|Any CPU.Build.0 = Release|Any CPU
		{B97571D8-F4DE-4BBC-8E59-3C4AE3A6C0C5}.Debug|Any CPU.ActiveCfg = Debug|Any CPU
		{B97571D8-F4DE-4BBC-8E59-3C4AE3A6C0C5}.Debug|Any CPU.Build.0 = Debug|Any CPU
		{B97571D8-F4DE-4BBC-8E59-3C4AE3A6C0C5}.Release|Any CPU.ActiveCfg = Release|Any CPU
		{B97571D8-F4DE-4BBC-8E59-3C4AE3A6C0C5}.Release|Any CPU.Build.0 = Release|Any CPU
		{335DBFF4-F347-47EE-9A45-709323B71BF9}.Debug|Any CPU.ActiveCfg = Debug|Any CPU
		{335DBFF4-F347-47EE-9A45-709323B71BF9}.Debug|Any CPU.Build.0 = Debug|Any CPU
		{335DBFF4-F347-47EE-9A45-709323B71BF9}.Release|Any CPU.ActiveCfg = Release|Any CPU
		{335DBFF4-F347-47EE-9A45-709323B71BF9}.Release|Any CPU.Build.0 = Release|Any CPU
	EndGlobalSection
	GlobalSection(SolutionProperties) = preSolution
		HideSolutionNode = FALSE
	EndGlobalSection
	GlobalSection(NestedProjects) = preSolution
		{4AC3C8D7-7A53-4340-94E0-28814F2D77B1} = {F9713805-191E-4978-9DBD-7209646EF0D9}
		{B97571D8-F4DE-4BBC-8E59-3C4AE3A6C0C5} = {0DA08119-2157-4A7A-AD72-DCBC0B8F255A}
		{335DBFF4-F347-47EE-9A45-709323B71BF9} = {A5CE93CC-C901-49F7-B41F-F82E778198AE}
	EndGlobalSection
	GlobalSection(ExtensibilityGlobals) = postSolution
		SolutionGuid = {46CD7BA8-B3BB-4BA5-873E-A601D39844C2}
	EndGlobalSection
EndGlobal
